# This file is automatically generated by cargo-component.
# It is not intended for manual editing.
version = 1

[[package]]
name = "wasi:cli"

[[package.version]]
requirement = "=0.2.12"
version = "0.2.12"
digest = "sha256:d548a7ee2a3ff65e29c452e4327b7e625813420f4bdd7e16f7e46d32c5dff8c6"

[[package]]
name = "wasi:http"

[[package.version]]
requirement = "=0.2.12"
version = "0.2.12"
digest = "sha256:3a782520c155ed68337d77e8a9a03c0ead62b279da962c2fd7c7ca2a4da57fa6"
