{
    "name": "aws-cli-wasm",
    "version": "0.0.1",
    "lockfileVersion": 3,
    "requires": true,
    "packages": {
        "": {
            "name": "aws-cli-wasm",
            "version": "0.0.1",
            "dependencies": {
                "@bytecodealliance/preview2-shim": "0.18.0"
            }
        },
        "node_modules/@bytecodealliance/preview2-shim": {
            "version": "0.18.0",
            "resolved": "https://registry.npmjs.org/@bytecodealliance/preview2-shim/-/preview2-shim-0.18.0.tgz",
            "integrity": "sha512-f7+HY98GBrfdKjXb2QT6ycbz+NR+Ocn3Aq87IZ8aVf0lThJocQ4E6dyCC9Y/5l0oOgS9nJ0Z1edeYfmTU87EdA==",
            "license": "(Apache-2.0 WITH LLVM-exception)"
        }
    }
}
