{
    "name": "aws-cli-wasm",
    "version": "0.0.1",
    "lockfileVersion": 3,
    "requires": true,
    "packages": {
        "": {
            "name": "aws-cli-wasm",
            "version": "0.0.1",
            "dependencies": {
                "@bytecodealliance/preview2-shim": "https://gitpkg.now.sh/bytecodealliance/jco/packages/preview2-shim?a0ed456512c095b24f210b371fdafaf4cd099a6d"
            }
        },
        "node_modules/@bytecodealliance/preview2-shim": {
            "version": "0.0.13",
            "resolved": "https://gitpkg.now.sh/bytecodealliance/jco/packages/preview2-shim?a0ed456512c095b24f210b371fdafaf4cd099a6d",
            "integrity": "sha512-erKJltUYAFTam3SprqO/B9k6gq2cvro7ppRKEEK5zwytYAP+GVnqGG1uTVwmN9zDhaSNe+pAfodofTFb7Z9/Fg==",
            "license": "(Apache-2.0 WITH LLVM-exception)"
        }
    }
}
