{
    "name": "aws-cli-wasm",
    "version": "0.0.1",
    "lockfileVersion": 3,
    "requires": true,
    "packages": {
        "": {
            "name": "aws-cli-wasm",
            "version": "0.0.1",
            "dependencies": {
                "@bytecodealliance/preview2-shim": "https://gitpkg.now.sh/bytecodealliance/jco/packages/preview2-shim?f2294ca77656d97317faa9bee688ec09993adf2b"
            }
        },
        "node_modules/@bytecodealliance/preview2-shim": {
            "version": "0.0.14",
            "resolved": "https://gitpkg.now.sh/bytecodealliance/jco/packages/preview2-shim?f2294ca77656d97317faa9bee688ec09993adf2b",
            "integrity": "sha512-vFx8RQF/mJj2y7C244PUARMhFjiV+msRSm1IP7FoZxcyulw7WUO1BaO/8fp8LtR99hc5WP7+T7c8k/qNtr468w==",
            "license": "(Apache-2.0 WITH LLVM-exception)",
            "engines": {
                "node": ">=18"
            }
        }
    }
}
