# This file is automatically generated.
# It is not intended for manual editing.
version = 1

[[packages]]
name = "wasi:cli"
registry = "wasi.dev"

[[packages.versions]]
requirement = "=0.2.11"
version = "0.2.11"
digest = "sha256:3f770258f9f7ec42433c5e72a99433888c4812ad1f3e5f8b57946f706ab523ad"

[[packages]]
name = "wasi:http"
registry = "wasi.dev"

[[packages.versions]]
requirement = "=0.2.11"
version = "0.2.11"
digest = "sha256:e9accb3355280d1cd848bc7023206437db5e7012436e0e1608f88293313d361f"
